// !$*UTF8*$!
{
	archiveVersion = 1;
	classes = {
	};
	objectVersion = 50;
	objects = {

/* Begin PBXBuildFile section */
		39730421224BCBA8005F53E5 /* MapViewController.swift in Sources */ = {isa = PBXBuildFile; fileRef = 39730420224BCBA8005F53E5 /* MapViewController.swift */; };
		39730423224BCBB0005F53E5 /* AddViewController.swift in Sources */ = {isa = PBXBuildFile; fileRef = 39730422224BCBB0005F53E5 /* AddViewController.swift */; };
		39730425224BCBD3005F53E5 /* DetailViewController.swift in Sources */ = {isa = PBXBuildFile; fileRef = 39730424224BCBD3005F53E5 /* DetailViewController.swift */; };
		39730427224BCBEB005F53E5 /* ListViewController.swift in Sources */ = {isa = PBXBuildFile; fileRef = 39730426224BCBEB005F53E5 /* ListViewController.swift */; };
		397CF6C2224A461D003CC89D /* AppDelegate.swift in Sources */ = {isa = PBXBuildFile; fileRef = 397CF6C1224A461D003CC89D /* AppDelegate.swift */; };
		397CF6C7224A461D003CC89D /* Main.storyboard in Resources */ = {isa = PBXBuildFile; fileRef = 397CF6C5224A461D003CC89D /* Main.storyboard */; };
		397CF6C9224A461F003CC89D /* Assets.xcassets in Resources */ = {isa = PBXBuildFile; fileRef = 397CF6C8224A461F003CC89D /* Assets.xcassets */; };
		397CF6CC224A461F003CC89D /* LaunchScreen.storyboard in Resources */ = {isa = PBXBuildFile; fileRef = 397CF6CA224A461F003CC89D /* LaunchScreen.storyboard */; };
		4ACC764322F3FBBC35D741A1 /* Pods_CustomMap.framework in Frameworks */ = {isa = PBXBuildFile; fileRef = 582BA345934E5B77B8D6FEFF /* Pods_CustomMap.framework */; };
/* End PBXBuildFile section */

/* Begin PBXFileReference section */
		39730420224BCBA8005F53E5 /* MapViewController.swift */ = {isa = PBXFileReference; lastKnownFileType = sourcecode.swift; path = MapViewController.swift; sourceTree = "<group>"; };
		39730422224BCBB0005F53E5 /* AddViewController.swift */ = {isa = PBXFileReference; lastKnownFileType = sourcecode.swift; path = AddViewController.swift; sourceTree = "<group>"; };
		39730424224BCBD3005F53E5 /* DetailViewController.swift */ = {isa = PBXFileReference; lastKnownFileType = sourcecode.swift; path = DetailViewController.swift; sourceTree = "<group>"; };
		39730426224BCBEB005F53E5 /* ListViewController.swift */ = {isa = PBXFileReference; lastKnownFileType = sourcecode.swift; path = ListViewController.swift; sourceTree = "<group>"; };
		397CF6BE224A461D003CC89D /* CustomMap.app */ = {isa = PBXFileReference; explicitFileType = wrapper.application; includeInIndex = 0; path = CustomMap.app; sourceTree = BUILT_PRODUCTS_DIR; };
		397CF6C1224A461D003CC89D /* AppDelegate.swift */ = {isa = PBXFileReference; lastKnownFileType = sourcecode.swift; path = AppDelegate.swift; sourceTree = "<group>"; };
		397CF6C6224A461D003CC89D /* Base */ = {isa = PBXFileReference; lastKnownFileType = file.storyboard; name = Base; path = Base.lproj/Main.storyboard; sourceTree = "<group>"; };
		397CF6C8224A461F003CC89D /* Assets.xcassets */ = {isa = PBXFileReference; lastKnownFileType = folder.assetcatalog; path = Assets.xcassets; sourceTree = "<group>"; };
		397CF6CB224A461F003CC89D /* Base */ = {isa = PBXFileReference; lastKnownFileType = file.storyboard; name = Base; path = Base.lproj/LaunchScreen.storyboard; sourceTree = "<group>"; };
		397CF6CD224A461F003CC89D /* Info.plist */ = {isa = PBXFileReference; lastKnownFileType = text.plist.xml; path = Info.plist; sourceTree = "<group>"; };
		582BA345934E5B77B8D6FEFF /* Pods_CustomMap.framework */ = {isa = PBXFileReference; explicitFileType = wrapper.framework; includeInIndex = 0; path = Pods_CustomMap.framework; sourceTree = BUILT_PRODUCTS_DIR; };
		6F1F38C3370670539F3AD571 /* Pods-CustomMap.debug.xcconfig */ = {isa = PBXFileReference; includeInIndex = 1; lastKnownFileType = text.xcconfig; name = "Pods-CustomMap.debug.xcconfig"; path = "Pods/Target Support Files/Pods-CustomMap/Pods-CustomMap.debug.xcconfig"; sourceTree = "<group>"; };
		D960741D9D81B319969F06C4 /* Pods-CustomMap.release.xcconfig */ = {isa = PBXFileReference; includeInIndex = 1; lastKnownFileType = text.xcconfig; name = "Pods-CustomMap.release.xcconfig"; path = "Pods/Target Support Files/Pods-CustomMap/Pods-CustomMap.release.xcconfig"; sourceTree = "<group>"; };
/* End PBXFileReference section */

/* Begin PBXFrameworksBuildPhase section */
		397CF6BB224A461D003CC89D /* Frameworks */ = {
			isa = PBXFrameworksBuildPhase;
			buildActionMask = 2147483647;
			files = (
				4ACC764322F3FBBC35D741A1 /* Pods_CustomMap.framework in Frameworks */,
			);
			runOnlyForDeploymentPostprocessing = 0;
		};
/* End PBXFrameworksBuildPhase section */

/* Begin PBXGroup section */
		1205B0DA547D854E2F8C973A /* Pods */ = {
			isa = PBXGroup;
			children = (
				6F1F38C3370670539F3AD571 /* Pods-CustomMap.debug.xcconfig */,
				D960741D9D81B319969F06C4 /* Pods-CustomMap.release.xcconfig */,
			);
			name = Pods;
			sourceTree = "<group>";
		};
		39730428224BCBF3005F53E5 /* ViewControllers */ = {
			isa = PBXGroup;
			children = (
				39730426224BCBEB005F53E5 /* ListViewController.swift */,
				39730420224BCBA8005F53E5 /* MapViewController.swift */,
				39730422224BCBB0005F53E5 /* AddViewController.swift */,
				39730424224BCBD3005F53E5 /* DetailViewController.swift */,
			);
			path = ViewControllers;
			sourceTree = "<group>";
		};
		397CF6B5224A461D003CC89D = {
			isa = PBXGroup;
			children = (
				397CF6C0224A461D003CC89D /* CustomMap */,
				397CF6BF224A461D003CC89D /* Products */,
				1205B0DA547D854E2F8C973A /* Pods */,
				C29EF11DD153764CE45D4B24 /* Frameworks */,
			);
			sourceTree = "<group>";
		};
		397CF6BF224A461D003CC89D /* Products */ = {
			isa = PBXGroup;
			children = (
				397CF6BE224A461D003CC89D /* CustomMap.app */,
			);
			name = Products;
			sourceTree = "<group>";
		};
		397CF6C0224A461D003CC89D /* CustomMap */ = {
			isa = PBXGroup;
			children = (
				397CF6C1224A461D003CC89D /* AppDelegate.swift */,
				39730428224BCBF3005F53E5 /* ViewControllers */,
				397CF6C5224A461D003CC89D /* Main.storyboard */,
				397CF6C8224A461F003CC89D /* Assets.xcassets */,
				397CF6CA224A461F003CC89D /* LaunchScreen.storyboard */,
				397CF6CD224A461F003CC89D /* Info.plist */,
			);
			path = CustomMap;
			sourceTree = "<group>";
		};
		C29EF11DD153764CE45D4B24 /* Frameworks */ = {
			isa = PBXGroup;
			children = (
				582BA345934E5B77B8D6FEFF /* Pods_CustomMap.framework */,
			);
			name = Frameworks;
			sourceTree = "<group>";
		};
/* End PBXGroup section */

/* Begin PBXNativeTarget section */
		397CF6BD224A461D003CC89D /* CustomMap */ = {
			isa = PBXNativeTarget;
			buildConfigurationList = 397CF6D0224A461F003CC89D /* Build configuration list for PBXNativeTarget "CustomMap" */;
			buildPhases = (
				7BD6B6C15D5C1E6E884BB203 /* [CP] Check Pods Manifest.lock */,
				397CF6BA224A461D003CC89D /* Sources */,
				397CF6BB224A461D003CC89D /* Frameworks */,
				397CF6BC224A461D003CC89D /* Resources */,
				8D423F08B2EAE2B352A70F75 /* [CP] Embed Pods Frameworks */,
			);
			buildRules = (
			);
			dependencies = (
			);
			name = CustomMap;
			productName = CustomMap;
			productReference = 397CF6BE224A461D003CC89D /* CustomMap.app */;
			productType = "com.apple.product-type.application";
		};
/* End PBXNativeTarget section */

/* Begin PBXProject section */
		397CF6B6224A461D003CC89D /* Project object */ = {
			isa = PBXProject;
			attributes = {
				LastSwiftUpdateCheck = 1010;
				LastUpgradeCheck = 1010;
				ORGANIZATIONNAME = RAK;
				TargetAttributes = {
					397CF6BD224A461D003CC89D = {
						CreatedOnToolsVersion = 10.1;
					};
				};
			};
			buildConfigurationList = 397CF6B9224A461D003CC89D /* Build configuration list for PBXProject "CustomMap" */;
			compatibilityVersion = "Xcode 9.3";
			developmentRegion = en;
			hasScannedForEncodings = 0;
			knownRegions = (
				en,
				Base,
			);
			mainGroup = 397CF6B5224A461D003CC89D;
			productRefGroup = 397CF6BF224A461D003CC89D /* Products */;
			projectDirPath = "";
			projectRoot = "";
			targets = (
				397CF6BD224A461D003CC89D /* CustomMap */,
			);
		};
/* End PBXProject section */

/* Begin PBXResourcesBuildPhase section */
		397CF6BC224A461D003CC89D /* Resources */ = {
			isa = PBXResourcesBuildPhase;
			buildActionMask = 2147483647;
			files = (
				397CF6CC224A461F003CC89D /* LaunchScreen.storyboard in Resources */,
				397CF6C9224A461F003CC89D /* Assets.xcassets in Resources */,
				397CF6C7224A461D003CC89D /* Main.storyboard in Resources */,
			);
			runOnlyForDeploymentPostprocessing = 0;
		};
/* End PBXResourcesBuildPhase section */

/* Begin PBXShellScriptBuildPhase section */
		7BD6B6C15D5C1E6E884BB203 /* [CP] Check Pods Manifest.lock */ = {
			isa = PBXShellScriptBuildPhase;
			buildActionMask = 2147483647;
			files = (
			);
			inputFileListPaths = (
			);
			inputPaths = (
				"${PODS_PODFILE_DIR_PATH}/Podfile.lock",
				"${PODS_ROOT}/Manifest.lock",
			);
			name = "[CP] Check Pods Manifest.lock";
			outputFileListPaths = (
			);
			outputPaths = (
				"$(DERIVED_FILE_DIR)/Pods-CustomMap-checkManifestLockResult.txt",
			);
			runOnlyForDeploymentPostprocessing = 0;
			shellPath = /bin/sh;
			shellScript = "diff \"${PODS_PODFILE_DIR_PATH}/Podfile.lock\" \"${PODS_ROOT}/Manifest.lock\" > /dev/null\nif [ $? != 0 ] ; then\n    # print error to STDERR\n    echo \"error: The sandbox is not in sync with the Podfile.lock. Run 'pod install' or update your CocoaPods installation.\" >&2\n    exit 1\nfi\n# This output is used by Xcode 'outputs' to avoid re-running this script phase.\necho \"SUCCESS\" > \"${SCRIPT_OUTPUT_FILE_0}\"\n";
			showEnvVarsInLog = 0;
		};
		8D423F08B2EAE2B352A70F75 /* [CP] Embed Pods Frameworks */ = {
			isa = PBXShellScriptBuildPhase;
			buildActionMask = 2147483647;
			files = (
			);
			inputFileListPaths = (
			);
			inputPaths = (
				"${SRCROOT}/Pods/Target Support Files/Pods-CustomMap/Pods-CustomMap-frameworks.sh",
				"${PODS_ROOT}/NMapsMap/framework/NMapsMap.framework",
			);
			name = "[CP] Embed Pods Frameworks";
			outputFileListPaths = (
			);
			outputPaths = (
				"${TARGET_BUILD_DIR}/${FRAMEWORKS_FOLDER_PATH}/NMapsMap.framework",
			);
			runOnlyForDeploymentPostprocessing = 0;
			shellPath = /bin/sh;
			shellScript = "\"${SRCROOT}/Pods/Target Support Files/Pods-CustomMap/Pods-CustomMap-frameworks.sh\"\n";
			showEnvVarsInLog = 0;
		};
/* End PBXShellScriptBuildPhase section */

/* Begin PBXSourcesBuildPhase section */
		397CF6BA224A461D003CC89D /* Sources */ = {
			isa = PBXSourcesBuildPhase;
			buildActionMask = 2147483647;
			files = (
				39730421224BCBA8005F53E5 /* MapViewController.swift in Sources */,
				39730425224BCBD3005F53E5 /* DetailViewController.swift in Sources */,
				39730423224BCBB0005F53E5 /* AddViewController.swift in Sources */,
				39730427224BCBEB005F53E5 /* ListViewController.swift in Sources */,
				397CF6C2224A461D003CC89D /* AppDelegate.swift in Sources */,
			);
			runOnlyForDeploymentPostprocessing = 0;
		};
/* End PBXSourcesBuildPhase section */

/* Begin PBXVariantGroup section */
		397CF6C5224A461D003CC89D /* Main.storyboard */ = {
			isa = PBXVariantGroup;
			children = (
				397CF6C6224A461D003CC89D /* Base */,
			);
			name = Main.storyboard;
			sourceTree = "<group>";
		};
		397CF6CA224A461F003CC89D /* LaunchScreen.storyboard */ = {
			isa = PBXVariantGroup;
			children = (
				397CF6CB224A461F003CC89D /* Base */,
			);
			name = LaunchScreen.storyboard;
			sourceTree = "<group>";
		};
/* End PBXVariantGroup section */

/* Begin XCBuildConfiguration section */
		397CF6CE224A461F003CC89D /* Debug */ = {
			isa = XCBuildConfiguration;
			buildSettings = {
				ALWAYS_SEARCH_USER_PATHS = NO;
				CLANG_ANALYZER_NONNULL = YES;
				CLANG_ANALYZER_NUMBER_OBJECT_CONVERSION = YES_AGGRESSIVE;
				CLANG_CXX_LANGUAGE_STANDARD = "gnu++14";
				CLANG_CXX_LIBRARY = "libc++";
				CLANG_ENABLE_MODULES = YES;
				CLANG_ENABLE_OBJC_ARC = YES;
				CLANG_ENABLE_OBJC_WEAK = YES;
				CLANG_WARN_BLOCK_CAPTURE_AUTORELEASING = YES;
				CLANG_WARN_BOOL_CONVERSION = YES;
				CLANG_WARN_COMMA = YES;
				CLANG_WARN_CONSTANT_CONVERSION = YES;
				CLANG_WARN_DEPRECATED_OBJC_IMPLEMENTATIONS = YES;
				CLANG_WARN_DIRECT_OBJC_ISA_USAGE = YES_ERROR;
				CLANG_WARN_DOCUMENTATION_COMMENTS = YES;
				CLANG_WARN_EMPTY_BODY = YES;
				CLANG_WARN_ENUM_CONVERSION = YES;
				CLANG_WARN_INFINITE_RECURSION = YES;
				CLANG_WARN_INT_CONVERSION = YES;
				CLANG_WARN_NON_LITERAL_NULL_CONVERSION = YES;
				CLANG_WARN_OBJC_IMPLICIT_RETAIN_SELF = YES;
				CLANG_WARN_OBJC_LITERAL_CONVERSION = YES;
				CLANG_WARN_OBJC_ROOT_CLASS = YES_ERROR;
				CLANG_WARN_RANGE_LOOP_ANALYSIS = YES;
				CLANG_WARN_STRICT_PROTOTYPES = YES;
				CLANG_WARN_SUSPICIOUS_MOVE = YES;
				CLANG_WARN_UNGUARDED_AVAILABILITY = YES_AGGRESSIVE;
				CLANG_WARN_UNREACHABLE_CODE = YES;
				CLANG_WARN__DUPLICATE_METHOD_MATCH = YES;
				CODE_SIGN_IDENTITY = "iPhone Developer";
				COPY_PHASE_STRIP = NO;
				DEBUG_INFORMATION_FORMAT = dwarf;
				ENABLE_STRICT_OBJC_MSGSEND = YES;
				ENABLE_TESTABILITY = YES;
				GCC_C_LANGUAGE_STANDARD = gnu11;
				GCC_DYNAMIC_NO_PIC = NO;
				GCC_NO_COMMON_BLOCKS = YES;
				GCC_OPTIMIZATION_LEVEL = 0;
				GCC_PREPROCESSOR_DEFINITIONS = (
					"DEBUG=1",
					"$(inherited)",
				);
				GCC_WARN_64_TO_32_BIT_CONVERSION = YES;
				GCC_WARN_ABOUT_RETURN_TYPE = YES_ERROR;
				GCC_WARN_UNDECLARED_SELECTOR = YES;
				GCC_WARN_UNINITIALIZED_AUTOS = YES_AGGRESSIVE;
				GCC_WARN_UNUSED_FUNCTION = YES;
				GCC_WARN_UNUSED_VARIABLE = YES;
				IPHONEOS_DEPLOYMENT_TARGET = 12.1;
				MTL_ENABLE_DEBUG_INFO = INCLUDE_SOURCE;
				MTL_FAST_MATH = YES;
				ONLY_ACTIVE_ARCH = YES;
				SDKROOT = iphoneos;
				SWIFT_ACTIVE_COMPILATION_CONDITIONS = DEBUG;
				SWIFT_OPTIMIZATION_LEVEL = "-Onone";
			};
			name = Debug;
		};
		397CF6CF224A461F003CC89D /* Release */ = {
			isa = XCBuildConfiguration;
			buildSettings = {
				ALWAYS_SEARCH_USER_PATHS = NO;
				CLANG_ANALYZER_NONNULL = YES;
				CLANG_ANALYZER_NUMBER_OBJECT_CONVERSION = YES_AGGRESSIVE;
				CLANG_CXX_LANGUAGE_STANDARD = "gnu++14";
				CLANG_CXX_LIBRARY = "libc++";
				CLANG_ENABLE_MODULES = YES;
				CLANG_ENABLE_OBJC_ARC = YES;
				CLANG_ENABLE_OBJC_WEAK = YES;
				CLANG_WARN_BLOCK_CAPTURE_AUTORELEASING = YES;
				CLANG_WARN_BOOL_CONVERSION = YES;
				CLANG_WARN_COMMA = YES;
				CLANG_WARN_CONSTANT_CONVERSION = YES;
				CLANG_WARN_DEPRECATED_OBJC_IMPLEMENTATIONS = YES;
				CLANG_WARN_DIRECT_OBJC_ISA_USAGE = YES_ERROR;
				CLANG_WARN_DOCUMENTATION_COMMENTS = YES;
				CLANG_WARN_EMPTY_BODY = YES;
				CLANG_WARN_ENUM_CONVERSION = YES;
				CLANG_WARN_INFINITE_RECURSION = YES;
				CLANG_WARN_INT_CONVERSION = YES;
				CLANG_WARN_NON_LITERAL_NULL_CONVERSION = YES;
				CLANG_WARN_OBJC_IMPLICIT_RETAIN_SELF = YES;
				CLANG_WARN_OBJC_LITERAL_CONVERSION = YES;
				CLANG_WARN_OBJC_ROOT_CLASS = YES_ERROR;
				CLANG_WARN_RANGE_LOOP_ANALYSIS = YES;
				CLANG_WARN_STRICT_PROTOTYPES = YES;
				CLANG_WARN_SUSPICIOUS_MOVE = YES;
				CLANG_WARN_UNGUARDED_AVAILABILITY = YES_AGGRESSIVE;
				CLANG_WARN_UNREACHABLE_CODE = YES;
				CLANG_WARN__DUPLICATE_METHOD_MATCH = YES;
				CODE_SIGN_IDENTITY = "iPhone Developer";
				COPY_PHASE_STRIP = NO;
				DEBUG_INFORMATION_FORMAT = "dwarf-with-dsym";
				ENABLE_NS_ASSERTIONS = NO;
				ENABLE_STRICT_OBJC_MSGSEND = YES;
				GCC_C_LANGUAGE_STANDARD = gnu11;
				GCC_NO_COMMON_BLOCKS = YES;
				GCC_WARN_64_TO_32_BIT_CONVERSION = YES;
				GCC_WARN_ABOUT_RETURN_TYPE = YES_ERROR;
				GCC_WARN_UNDECLARED_SELECTOR = YES;
				GCC_WARN_UNINITIALIZED_AUTOS = YES_AGGRESSIVE;
				GCC_WARN_UNUSED_FUNCTION = YES;
				GCC_WARN_UNUSED_VARIABLE = YES;
				IPHONEOS_DEPLOYMENT_TARGET = 12.1;
				MTL_ENABLE_DEBUG_INFO = NO;
				MTL_FAST_MATH = YES;
				SDKROOT = iphoneos;
				SWIFT_COMPILATION_MODE = wholemodule;
				SWIFT_OPTIMIZATION_LEVEL = "-O";
				VALIDATE_PRODUCT = YES;
			};
			name = Release;
		};
		397CF6D1224A461F003CC89D /* Debug */ = {
			isa = XCBuildConfiguration;
			baseConfigurationReference = 6F1F38C3370670539F3AD571 /* Pods-CustomMap.debug.xcconfig */;
			buildSettings = {
				ASSETCATALOG_COMPILER_APPICON_NAME = AppIcon;
				CODE_SIGN_STYLE = Automatic;
				DEVELOPMENT_TEAM = 6843LQ44V6;
				INFOPLIST_FILE = CustomMap/Info.plist;
				LD_RUNPATH_SEARCH_PATHS = (
					"$(inherited)",
					"@executable_path/Frameworks",
				);
				PRODUCT_BUNDLE_IDENTIFIER = com.rak.CustomMap;
				PRODUCT_NAME = "$(TARGET_NAME)";
				SWIFT_VERSION = 4.2;
				TARGETED_DEVICE_FAMILY = "1,2";
			};
			name = Debug;
		};
		397CF6D2224A461F003CC89D /* Release */ = {
			isa = XCBuildConfiguration;
			baseConfigurationReference = D960741D9D81B319969F06C4 /* Pods-CustomMap.release.xcconfig */;
			buildSettings = {
				ASSETCATALOG_COMPILER_APPICON_NAME = AppIcon;
				CODE_SIGN_STYLE = Automatic;
				DEVELOPMENT_TEAM = 6843LQ44V6;
				INFOPLIST_FILE = CustomMap/Info.plist;
				LD_RUNPATH_SEARCH_PATHS = (
					"$(inherited)",
					"@executable_path/Frameworks",
				);
				PRODUCT_BUNDLE_IDENTIFIER = com.rak.CustomMap;
				PRODUCT_NAME = "$(TARGET_NAME)";
				SWIFT_VERSION = 4.2;
				TARGETED_DEVICE_FAMILY = "1,2";
			};
			name = Release;
		};
/* End XCBuildConfiguration section */

/* Begin XCConfigurationList section */
		397CF6B9224A461D003CC89D /* Build configuration list for PBXProject "CustomMap" */ = {
			isa = XCConfigurationList;
			buildConfigurations = (
				397CF6CE224A461F003CC89D /* Debug */,
				397CF6CF224A461F003CC89D /* Release */,
			);
			defaultConfigurationIsVisible = 0;
			defaultConfigurationName = Release;
		};
		397CF6D0224A461F003CC89D /* Build configuration list for PBXNativeTarget "CustomMap" */ = {
			isa = XCConfigurationList;
			buildConfigurations = (
				397CF6D1224A461F003CC89D /* Debug */,
				397CF6D2224A461F003CC89D /* Release */,
			);
			defaultConfigurationIsVisible = 0;
			defaultConfigurationName = Release;
		};
/* End XCConfigurationList section */
	};
	rootObject = 397CF6B6224A461D003CC89D /* Project object */;
}
